Microsoft Visual Studio Solution File, Format Version 11.00
# Visual Studio 2015
Project("{249CE38A-B507-F02A-0F36-08E5AB6967CC}") = "Plugin Manager", "Plugin Manager.vcxproj", "{FEABECE8-D397-96B5-10DB-F6B4198F7CE5}"
EndProject
Global
	GlobalSection(SolutionConfigurationPlatforms) = preSolution
		Debug|x64 = Debug|x64
		Release|x64 = Release|x64
	EndGlobalSection
	GlobalSection(ProjectConfigurationPlatforms) = postSolution
		{FEABECE8-D397-96B5-10DB-F6B4198F7CE5}.Debug|x64.ActiveCfg = Debug|x64
		{FEABECE8-D397-96B5-10DB-F6B4198F7CE5}.Debug|x64.Build.0 = Debug|x64
		{FEABECE8-D397-96B5-10DB-F6B4198F7CE5}.Release|x64.ActiveCfg = Release|x64
		{FEABECE8-D397-96B5-10DB-F6B4198F7CE5}.Release|x64.Build.0 = Release|x64
	EndGlobalSection
	GlobalSection(SolutionProperties) = preSolution
		HideSolutionNode = FALSE
	EndGlobalSection
EndGlobal
